
Microsoft Visual Studio Solution File, Format Version 12.00
# Visual Studio 2012
Project("{FAE04EC0-301F-11D3-BF4B-00C04F79EFBC}") = "MvcSiteMapProvider_383", "MvcSiteMapProvider_383\MvcSiteMapProvider_383.csproj", "{F10B4A13-530D-41B9-82C1-78E62D46A4DC}"
EndProject
Global
	GlobalSection(SolutionConfigurationPlatforms) = preSolution
		Debug|Any CPU = Debug|Any CPU
		Release|Any CPU = Release|Any CPU
	EndGlobalSection
	GlobalSection(ProjectConfigurationPlatforms) = postSolution
		{F10B4A13-530D-41B9-82C1-78E62D46A4DC}.Debug|Any CPU.ActiveCfg = Debug|Any CPU
		{F10B4A13-530D-41B9-82C1-78E62D46A4DC}.Debug|Any CPU.Build.0 = Debug|Any CPU
		{F10B4A13-530D-41B9-82C1-78E62D46A4DC}.Release|Any CPU.ActiveCfg = Release|Any CPU
		{F10B4A13-530D-41B9-82C1-78E62D46A4DC}.Release|Any CPU.Build.0 = Release|Any CPU
	EndGlobalSection
	GlobalSection(SolutionProperties) = preSolution
		HideSolutionNode = FALSE
	EndGlobalSection
EndGlobal
